<Solution>
  <Folder Name="/src/">
    <Project Path="src/ServiceOrders.Application/ServiceOrders.Application.csproj" />
    <Project Path="src/ServiceOrders.Domain/ServiceOrders.Domain.csproj" />
  </Folder>
  <Folder Name="/tests/">
    <Project Path="tests/ServiceOrders.UnitTests/ServiceOrders.UnitTests.csproj" />
  </Folder>
</Solution>
